
Microsoft Visual Studio Solution File, Format Version 12.00
# Visual Studio Version 16
VisualStudioVersion = 16.0.29709.97
MinimumVisualStudioVersion = 10.0.40219.1
Project("{FAE04EC0-301F-11D3-BF4B-00C04F79EFBC}") = "EjemploAuth1", "EjemploAuth1\EjemploAuth1.csproj", "{BCA2E812-5019-43ED-9628-D892B95CEA2C}"
EndProject
Project("{FAE04EC0-301F-11D3-BF4B-00C04F79EFBC}") = "EjercicioLogin", "EjercicioLogin\EjercicioLogin.csproj", "{5BE061EC-5C0F-48E4-88F9-EF0616895A89}"
EndProject
Global
	GlobalSection(SolutionConfigurationPlatforms) = preSolution
		Debug|Any CPU = Debug|Any CPU
		Release|Any CPU = Release|Any CPU
	EndGlobalSection
	GlobalSection(ProjectConfigurationPlatforms) = postSolution
		{BCA2E812-5019-43ED-9628-D892B95CEA2C}.Debug|Any CPU.ActiveCfg = Debug|Any CPU
		{BCA2E812-5019-43ED-9628-D892B95CEA2C}.Debug|Any CPU.Build.0 = Debug|Any CPU
		{BCA2E812-5019-43ED-9628-D892B95CEA2C}.Release|Any CPU.ActiveCfg = Release|Any CPU
		{BCA2E812-5019-43ED-9628-D892B95CEA2C}.Release|Any CPU.Build.0 = Release|Any CPU
		{5BE061EC-5C0F-48E4-88F9-EF0616895A89}.Debug|Any CPU.ActiveCfg = Debug|Any CPU
		{5BE061EC-5C0F-48E4-88F9-EF0616895A89}.Debug|Any CPU.Build.0 = Debug|Any CPU
		{5BE061EC-5C0F-48E4-88F9-EF0616895A89}.Release|Any CPU.ActiveCfg = Release|Any CPU
		{5BE061EC-5C0F-48E4-88F9-EF0616895A89}.Release|Any CPU.Build.0 = Release|Any CPU
	EndGlobalSection
	GlobalSection(SolutionProperties) = preSolution
		HideSolutionNode = FALSE
	EndGlobalSection
	GlobalSection(ExtensibilityGlobals) = postSolution
		SolutionGuid = {A4AE1605-0A67-4C1F-9677-F1F549EF39F9}
	EndGlobalSection
EndGlobal
